PODS:
  - CL_ShanYanSDK (2.3.6.5)
  - Flutter (1.0.0)
  - shanyan (2.3.4.5):
    - CL_ShanYanSDK (~> 2.3.6.5)
    - Flutter

DEPENDENCIES:
  - Flutter (from `Flutter`)
  - shanyan (from `.symlinks/plugins/shanyan/ios`)

SPEC REPOS:
  trunk:
    - CL_ShanYanSDK

EXTERNAL SOURCES:
  Flutter:
    :path: Flutter
  shanyan:
    :path: ".symlinks/plugins/shanyan/ios"

SPEC CHECKSUMS:
  CL_ShanYanSDK: e33ae72e33ee2131cda4ec24305e30c45a57ce48
  Flutter: f04841e97a9d0b0a8025694d0796dd46242b2854
  shanyan: 77a1c5c2a9444dd7dd56c685f3a442f54c25f490

PODFILE CHECKSUM: 2abc8bd77b0ff3f2d023fd292ae6a3342b0c2412

COCOAPODS: 1.12.1
